
Microsoft Visual Studio Solution File, Format Version 12.00
# Visual Studio Version 16
VisualStudioVersion = 16.0.30011.22
MinimumVisualStudioVersion = 10.0.40219.1
Project("{FAE04EC0-301F-11D3-BF4B-00C04F79EFBC}") = "AppComp", "AppComp\AppComp.csproj", "{9DD190B5-D7AC-4AA2-B952-61AA3B22F436}"
EndProject
Global
	GlobalSection(SolutionConfigurationPlatforms) = preSolution
		Debug|Any CPU = Debug|Any CPU
		Release|Any CPU = Release|Any CPU
	EndGlobalSection
	GlobalSection(ProjectConfigurationPlatforms) = postSolution
		{9DD190B5-D7AC-4AA2-B952-61AA3B22F436}.Debug|Any CPU.ActiveCfg = Debug|Any CPU
		{9DD190B5-D7AC-4AA2-B952-61AA3B22F436}.Debug|Any CPU.Build.0 = Debug|Any CPU
		{9DD190B5-D7AC-4AA2-B952-61AA3B22F436}.Release|Any CPU.ActiveCfg = Release|Any CPU
		{9DD190B5-D7AC-4AA2-B952-61AA3B22F436}.Release|Any CPU.Build.0 = Release|Any CPU
	EndGlobalSection
	GlobalSection(SolutionProperties) = preSolution
		HideSolutionNode = FALSE
	EndGlobalSection
	GlobalSection(ExtensibilityGlobals) = postSolution
		SolutionGuid = {A2C5BEF4-AD4A-4353-96E6-C60E7158CD2B}
	EndGlobalSection
EndGlobal
